
Microsoft Visual Studio Solution File, Format Version 12.00
# Visual Studio Version 16
VisualStudioVersion = 16.0.32602.291
MinimumVisualStudioVersion = 10.0.40219.1
Project("{FAE04EC0-301F-11D3-BF4B-00C04F79EFBC}") = "practos3 le finale", "practos3 le finale.csproj", "{EB00D7FF-6A65-4DCD-A529-94B5F0311C13}"
EndProject
Project("{FAE04EC0-301F-11D3-BF4B-00C04F79EFBC}") = "Lib_12", "Lib_12\Lib_12.csproj", "{2E165133-EB05-43B1-B4FD-B1CB2D698C45}"
EndProject
Project("{FAE04EC0-301F-11D3-BF4B-00C04F79EFBC}") = "LibMas", "LibMas\LibMas.csproj", "{969E5E1C-F8EC-452A-BB8A-AFE84E1AED38}"
EndProject
Global
	GlobalSection(SolutionConfigurationPlatforms) = preSolution
		Debug|Any CPU = Debug|Any CPU
		Release|Any CPU = Release|Any CPU
	EndGlobalSection
	GlobalSection(ProjectConfigurationPlatforms) = postSolution
		{EB00D7FF-6A65-4DCD-A529-94B5F0311C13}.Debug|Any CPU.ActiveCfg = Debug|Any CPU
		{EB00D7FF-6A65-4DCD-A529-94B5F0311C13}.Debug|Any CPU.Build.0 = Debug|Any CPU
		{EB00D7FF-6A65-4DCD-A529-94B5F0311C13}.Release|Any CPU.ActiveCfg = Release|Any CPU
		{EB00D7FF-6A65-4DCD-A529-94B5F0311C13}.Release|Any CPU.Build.0 = Release|Any CPU
		{2E165133-EB05-43B1-B4FD-B1CB2D698C45}.Debug|Any CPU.ActiveCfg = Debug|Any CPU
		{2E165133-EB05-43B1-B4FD-B1CB2D698C45}.Debug|Any CPU.Build.0 = Debug|Any CPU
		{2E165133-EB05-43B1-B4FD-B1CB2D698C45}.Release|Any CPU.ActiveCfg = Release|Any CPU
		{2E165133-EB05-43B1-B4FD-B1CB2D698C45}.Release|Any CPU.Build.0 = Release|Any CPU
		{969E5E1C-F8EC-452A-BB8A-AFE84E1AED38}.Debug|Any CPU.ActiveCfg = Debug|Any CPU
		{969E5E1C-F8EC-452A-BB8A-AFE84E1AED38}.Debug|Any CPU.Build.0 = Debug|Any CPU
		{969E5E1C-F8EC-452A-BB8A-AFE84E1AED38}.Release|Any CPU.ActiveCfg = Release|Any CPU
		{969E5E1C-F8EC-452A-BB8A-AFE84E1AED38}.Release|Any CPU.Build.0 = Release|Any CPU
	EndGlobalSection
	GlobalSection(SolutionProperties) = preSolution
		HideSolutionNode = FALSE
	EndGlobalSection
	GlobalSection(ExtensibilityGlobals) = postSolution
		SolutionGuid = {DE395186-6479-4FF1-86E3-8ABB1E59D310}
	EndGlobalSection
EndGlobal
